
Microsoft Visual Studio Solution File, Format Version 11.00
# Visual Studio 2010
Project("{FAE04EC0-301F-11D3-BF4B-00C04F79EFBC}") = "Center.Server", "Center.Server\Center.Server.csproj", "{C9E59DEB-D436-46BC-B8BE-418CFE9547EB}"
EndProject
Project("{FAE04EC0-301F-11D3-BF4B-00C04F79EFBC}") = "Game.Base", "Game.Base\Game.Base.csproj", "{0015BF52-A89D-4D4C-B212-D2228FF1DF71}"
EndProject
Project("{FAE04EC0-301F-11D3-BF4B-00C04F79EFBC}") = "Center.Service", "Center.Service\Center.Service.csproj", "{CA06CBBB-0C55-4EB0-90A0-2E39460F3C90}"
EndProject
Project("{FAE04EC0-301F-11D3-BF4B-00C04F79EFBC}") = "Bussiness", "Bussiness\Bussiness.csproj", "{87C66FCB-06BB-42C0-86E1-ED814A77EBE4}"
EndProject
Project("{FAE04EC0-301F-11D3-BF4B-00C04F79EFBC}") = "SqlDataProvider", "SqlDataProvider\SqlDataProvider.csproj", "{037F4B7B-B05B-44A9-B83E-32C21D7A7B41}"
EndProject
Global
	GlobalSection(SolutionConfigurationPlatforms) = preSolution
		Debug|Any CPU = Debug|Any CPU
		Release|Any CPU = Release|Any CPU
	EndGlobalSection
	GlobalSection(ProjectConfigurationPlatforms) = postSolution
		{C9E59DEB-D436-46BC-B8BE-418CFE9547EB}.Debug|Any CPU.ActiveCfg = Debug|Any CPU
		{C9E59DEB-D436-46BC-B8BE-418CFE9547EB}.Debug|Any CPU.Build.0 = Debug|Any CPU
		{C9E59DEB-D436-46BC-B8BE-418CFE9547EB}.Release|Any CPU.ActiveCfg = Release|Any CPU
		{C9E59DEB-D436-46BC-B8BE-418CFE9547EB}.Release|Any CPU.Build.0 = Release|Any CPU
		{0015BF52-A89D-4D4C-B212-D2228FF1DF71}.Debug|Any CPU.ActiveCfg = Debug|Any CPU
		{0015BF52-A89D-4D4C-B212-D2228FF1DF71}.Debug|Any CPU.Build.0 = Debug|Any CPU
		{0015BF52-A89D-4D4C-B212-D2228FF1DF71}.Release|Any CPU.ActiveCfg = Release|Any CPU
		{0015BF52-A89D-4D4C-B212-D2228FF1DF71}.Release|Any CPU.Build.0 = Release|Any CPU
		{CA06CBBB-0C55-4EB0-90A0-2E39460F3C90}.Debug|Any CPU.ActiveCfg = Debug|Any CPU
		{CA06CBBB-0C55-4EB0-90A0-2E39460F3C90}.Debug|Any CPU.Build.0 = Debug|Any CPU
		{CA06CBBB-0C55-4EB0-90A0-2E39460F3C90}.Release|Any CPU.ActiveCfg = Release|Any CPU
		{CA06CBBB-0C55-4EB0-90A0-2E39460F3C90}.Release|Any CPU.Build.0 = Release|Any CPU
		{87C66FCB-06BB-42C0-86E1-ED814A77EBE4}.Debug|Any CPU.ActiveCfg = Debug|Any CPU
		{87C66FCB-06BB-42C0-86E1-ED814A77EBE4}.Debug|Any CPU.Build.0 = Debug|Any CPU
		{87C66FCB-06BB-42C0-86E1-ED814A77EBE4}.Release|Any CPU.ActiveCfg = Release|Any CPU
		{87C66FCB-06BB-42C0-86E1-ED814A77EBE4}.Release|Any CPU.Build.0 = Release|Any CPU
		{037F4B7B-B05B-44A9-B83E-32C21D7A7B41}.Debug|Any CPU.ActiveCfg = Debug|Any CPU
		{037F4B7B-B05B-44A9-B83E-32C21D7A7B41}.Debug|Any CPU.Build.0 = Debug|Any CPU
		{037F4B7B-B05B-44A9-B83E-32C21D7A7B41}.Release|Any CPU.ActiveCfg = Release|Any CPU
		{037F4B7B-B05B-44A9-B83E-32C21D7A7B41}.Release|Any CPU.Build.0 = Release|Any CPU
	EndGlobalSection
	GlobalSection(SolutionProperties) = preSolution
		HideSolutionNode = FALSE
	EndGlobalSection
EndGlobal
